{
  "version": 4,
  "terraform_version": "1.15.1",
  "serial": 30,
  "lineage": "0cd47dbb-2609-30b5-a9f8-6e8239e87657",
  "outputs": {
    "api_url": {
      "value": "market-ml-api--68uejfb.wittybeach-c354a785.eastus.azurecontainerapps.io",
      "type": "string"
    }
  },
  "resources": [
    {
      "mode": "managed",
      "type": "azurerm_container_app",
      "name": "api",
      "provider": "provider[\"registry.terraform.io/hashicorp/azurerm\"]",
      "instances": [
        {
          "schema_version": 0,
          "attributes": {
            "container_app_environment_id": "/subscriptions/0e782a6b-0acd-4bca-b91c-a4cc5c4f51fd/resourceGroups/market-ml-rg/providers/Microsoft.App/managedEnvironments/market-ml-env",
            "custom_domain_verification_id": "295F6F00A4A20DAD67ADEFC49743B8DF233ADF4653134218A4F6370094378B6B",
            "dapr": [],
            "id": "/subscriptions/0e782a6b-0acd-4bca-b91c-a4cc5c4f51fd/resourceGroups/market-ml-rg/providers/Microsoft.App/containerApps/market-ml-api",
            "identity": [],
            "ingress": [
              {
                "allow_insecure_connections": false,
                "client_certificate_mode": "",
                "cors": [],
                "custom_domain": [],
                "exposed_port": 0,
                "external_enabled": true,
                "fqdn": "market-ml-api.wittybeach-c354a785.eastus.azurecontainerapps.io",
                "ip_security_restriction": [],
                "target_port": 8000,
                "traffic_weight": [
                  {
                    "label": "",
                    "latest_revision": true,
                    "percentage": 100,
                    "revision_suffix": ""
                  }
                ],
                "transport": "auto"
              }
            ],
            "latest_revision_fqdn": "market-ml-api--68uejfb.wittybeach-c354a785.eastus.azurecontainerapps.io",
            "latest_revision_name": "market-ml-api--68uejfb",
            "location": "eastus",
            "max_inactive_revisions": 0,
            "name": "market-ml-api",
            "outbound_ip_addresses": [
              "20.81.118.144"
            ],
            "registry": [
              {
                "identity": "",
                "password_secret_name": "acr-password",
                "server": "marketmlacr123.azurecr.io",
                "username": "marketmlacr123"
              }
            ],
            "resource_group_name": "market-ml-rg",
            "revision_mode": "Single",
            "secret": [
              {
                "identity": "",
                "key_vault_secret_id": "",
                "name": "acr-password",
                "value": "59Y69xbOQHiFHCfmzrroyWXvmrqwu6oNVlipAFs69fCveJvd2GIxJQQJ99CEACYeBjFEqg7NAAACAZCRpEVP"
              }
            ],
            "tags": {},
            "template": [
              {
                "azure_queue_scale_rule": [],
                "container": [
                  {
                    "args": [],
                    "command": [],
                    "cpu": 0.5,
                    "env": [
                      {
                        "name": "AZURE_TENANT_ID",
                        "secret_name": "",
                        "value": "8c9420b7-f093-41c2-a377-93488616df67"
                      },
                      {
                        "name": "AZURE_AUDIENCE",
                        "secret_name": "",
                        "value": "api://b3322710-f6dd-4ead-aa02-d2e9770d6d62"
                      }
                    ],
                    "ephemeral_storage": "2Gi",
                    "image": "marketmlacr123.azurecr.io/market-ml-api:latest",
                    "liveness_probe": [],
                    "memory": "1Gi",
                    "name": "api",
                    "readiness_probe": [],
                    "startup_probe": [],
                    "volume_mounts": []
                  }
                ],
                "cooldown_period_in_seconds": 300,
                "custom_scale_rule": [],
                "http_scale_rule": [],
                "init_container": [],
                "max_replicas": 10,
                "min_replicas": 0,
                "polling_interval_in_seconds": 30,
                "revision_suffix": "",
                "tcp_scale_rule": [],
                "termination_grace_period_seconds": 0,
                "volume": []
              }
            ],
            "timeouts": null,
            "workload_profile_name": ""
          },
          "sensitive_attributes": [
            [
              {
                "type": "get_attr",
                "value": "custom_domain_verification_id"
              }
            ],
            [
              {
                "type": "get_attr",
                "value": "secret"
              }
            ]
          ],
          "identity_schema_version": 0,
          "private": "eyJlMmJmYjczMC1lY2FhLTExZTYtOGY4OC0zNDM2M2JjN2M0YzAiOnsiY3JlYXRlIjoxODAwMDAwMDAwMDAwLCJkZWxldGUiOjE4MDAwMDAwMDAwMDAsInJlYWQiOjMwMDAwMDAwMDAwMCwidXBkYXRlIjoxODAwMDAwMDAwMDAwfX0=",
          "dependencies": [
            "azurerm_container_app_environment.env",
            "azurerm_container_registry.acr",
            "azurerm_resource_group.rg"
          ]
        }
      ]
    },
    {
      "mode": "managed",
      "type": "azurerm_container_app",
      "name": "poller",
      "provider": "provider[\"registry.terraform.io/hashicorp/azurerm\"]",
      "instances": [
        {
          "schema_version": 0,
          "attributes": {
            "container_app_environment_id": "/subscriptions/0e782a6b-0acd-4bca-b91c-a4cc5c4f51fd/resourceGroups/market-ml-rg/providers/Microsoft.App/managedEnvironments/market-ml-env",
            "custom_domain_verification_id": "295F6F00A4A20DAD67ADEFC49743B8DF233ADF4653134218A4F6370094378B6B",
            "dapr": [],
            "id": "/subscriptions/0e782a6b-0acd-4bca-b91c-a4cc5c4f51fd/resourceGroups/market-ml-rg/providers/Microsoft.App/containerApps/poller-service",
            "identity": [],
            "ingress": [],
            "latest_revision_fqdn": "",
            "latest_revision_name": "poller-service--wnagv3x",
            "location": "eastus",
            "max_inactive_revisions": 0,
            "name": "poller-service",
            "outbound_ip_addresses": [
              "20.81.118.144"
            ],
            "registry": [
              {
                "identity": "",
                "password_secret_name": "acr-password",
                "server": "marketmlacr123.azurecr.io",
                "username": "marketmlacr123"
              }
            ],
            "resource_group_name": "market-ml-rg",
            "revision_mode": "Single",
            "secret": [
              {
                "identity": "",
                "key_vault_secret_id": "",
                "name": "acr-password",
                "value": "59Y69xbOQHiFHCfmzrroyWXvmrqwu6oNVlipAFs69fCveJvd2GIxJQQJ99CEACYeBjFEqg7NAAACAZCRpEVP"
              }
            ],
            "tags": null,
            "template": [
              {
                "azure_queue_scale_rule": [],
                "container": [
                  {
                    "args": null,
                    "command": null,
                    "cpu": 0.25,
                    "env": [
                      {
                        "name": "SIGNAL_API",
                        "secret_name": "",
                        "value": "https://api.polygon.io/v2/aggs/ticker/AAPL/prev"
                      },
                      {
                        "name": "POLYGON_API_KEY",
                        "secret_name": "",
                        "value": "Es4hJ3Zc5xlypylcrAH5HDAJVEmwulyG"
                      }
                    ],
                    "ephemeral_storage": "1Gi",
                    "image": "marketmlacr123.azurecr.io/poller-service:latest",
                    "liveness_probe": [],
                    "memory": "0.5Gi",
                    "name": "poller",
                    "readiness_probe": [],
                    "startup_probe": [],
                    "volume_mounts": []
                  }
                ],
                "cooldown_period_in_seconds": 300,
                "custom_scale_rule": [],
                "http_scale_rule": [],
                "init_container": [],
                "max_replicas": 10,
                "min_replicas": 0,
                "polling_interval_in_seconds": 30,
                "revision_suffix": "",
                "tcp_scale_rule": [],
                "termination_grace_period_seconds": 0,
                "volume": []
              }
            ],
            "timeouts": null,
            "workload_profile_name": ""
          },
          "sensitive_attributes": [
            [
              {
                "type": "get_attr",
                "value": "custom_domain_verification_id"
              }
            ],
            [
              {
                "type": "get_attr",
                "value": "secret"
              }
            ],
            [
              {
                "type": "get_attr",
                "value": "template"
              },
              {
                "type": "index",
                "value": {
                  "value": 0,
                  "type": "number"
                }
              },
              {
                "type": "get_attr",
                "value": "container"
              },
              {
                "type": "index",
                "value": {
                  "value": 0,
                  "type": "number"
                }
              },
              {
                "type": "get_attr",
                "value": "env"
              },
              {
                "type": "index",
                "value": {
                  "value": 1,
                  "type": "number"
                }
              },
              {
                "type": "get_attr",
                "value": "value"
              }
            ]
          ],
          "identity_schema_version": 0,
          "private": "eyJlMmJmYjczMC1lY2FhLTExZTYtOGY4OC0zNDM2M2JjN2M0YzAiOnsiY3JlYXRlIjoxODAwMDAwMDAwMDAwLCJkZWxldGUiOjE4MDAwMDAwMDAwMDAsInJlYWQiOjMwMDAwMDAwMDAwMCwidXBkYXRlIjoxODAwMDAwMDAwMDAwfX0=",
          "dependencies": [
            "azurerm_container_app_environment.env",
            "azurerm_container_registry.acr",
            "azurerm_resource_group.rg"
          ]
        }
      ]
    },
    {
      "mode": "managed",
      "type": "azurerm_container_app_environment",
      "name": "env",
      "provider": "provider[\"registry.terraform.io/hashicorp/azurerm\"]",
      "instances": [
        {
          "schema_version": 0,
          "attributes": {
            "custom_domain_verification_id": "295F6F00A4A20DAD67ADEFC49743B8DF233ADF4653134218A4F6370094378B6B",
            "dapr_application_insights_connection_string": "",
            "default_domain": "wittybeach-c354a785.eastus.azurecontainerapps.io",
            "docker_bridge_cidr": "",
            "id": "/subscriptions/0e782a6b-0acd-4bca-b91c-a4cc5c4f51fd/resourceGroups/market-ml-rg/providers/Microsoft.App/managedEnvironments/market-ml-env",
            "identity": [],
            "infrastructure_resource_group_name": "",
            "infrastructure_subnet_id": "",
            "internal_load_balancer_enabled": false,
            "location": "eastus",
            "log_analytics_workspace_id": "",
            "logs_destination": "",
            "mutual_tls_enabled": false,
            "name": "market-ml-env",
            "platform_reserved_cidr": "",
            "platform_reserved_dns_ip_address": "",
            "public_network_access": "Enabled",
            "resource_group_name": "market-ml-rg",
            "static_ip_address": "20.75.155.105",
            "tags": {},
            "timeouts": null,
            "workload_profile": [],
            "zone_redundancy_enabled": false
          },
          "sensitive_attributes": [
            [
              {
                "type": "get_attr",
                "value": "dapr_application_insights_connection_string"
              }
            ]
          ],
          "identity_schema_version": 0,
          "private": "eyJlMmJmYjczMC1lY2FhLTExZTYtOGY4OC0zNDM2M2JjN2M0YzAiOnsiY3JlYXRlIjoxODAwMDAwMDAwMDAwLCJkZWxldGUiOjE4MDAwMDAwMDAwMDAsInJlYWQiOjMwMDAwMDAwMDAwMCwidXBkYXRlIjoxODAwMDAwMDAwMDAwfX0=",
          "dependencies": [
            "azurerm_resource_group.rg"
          ]
        }
      ]
    },
    {
      "mode": "managed",
      "type": "azurerm_container_registry",
      "name": "acr",
      "provider": "provider[\"registry.terraform.io/hashicorp/azurerm\"]",
      "instances": [
        {
          "schema_version": 2,
          "attributes": {
            "admin_enabled": true,
            "admin_password": "59Y69xbOQHiFHCfmzrroyWXvmrqwu6oNVlipAFs69fCveJvd2GIxJQQJ99CEACYeBjFEqg7NAAACAZCRpEVP",
            "admin_username": "marketmlacr123",
            "anonymous_pull_enabled": false,
            "data_endpoint_enabled": false,
            "data_endpoint_host_names": [],
            "encryption": [],
            "export_policy_enabled": true,
            "georeplications": [],
            "id": "/subscriptions/0e782a6b-0acd-4bca-b91c-a4cc5c4f51fd/resourceGroups/market-ml-rg/providers/Microsoft.ContainerRegistry/registries/marketmlacr123",
            "identity": [],
            "location": "eastus",
            "login_server": "marketmlacr123.azurecr.io",
            "name": "marketmlacr123",
            "network_rule_bypass_option": "AzureServices",
            "network_rule_set": [],
            "public_network_access_enabled": true,
            "quarantine_policy_enabled": false,
            "resource_group_name": "market-ml-rg",
            "retention_policy_in_days": 0,
            "sku": "Basic",
            "tags": {},
            "timeouts": null,
            "trust_policy_enabled": false,
            "zone_redundancy_enabled": false
          },
          "sensitive_attributes": [
            [
              {
                "type": "get_attr",
                "value": "admin_password"
              }
            ]
          ],
          "identity_schema_version": 0,
          "private": "eyJlMmJmYjczMC1lY2FhLTExZTYtOGY4OC0zNDM2M2JjN2M0YzAiOnsiY3JlYXRlIjoxODAwMDAwMDAwMDAwLCJkZWxldGUiOjE4MDAwMDAwMDAwMDAsInJlYWQiOjMwMDAwMDAwMDAwMCwidXBkYXRlIjoxODAwMDAwMDAwMDAwfSwic2NoZW1hX3ZlcnNpb24iOiIyIn0=",
          "dependencies": [
            "azurerm_resource_group.rg"
          ]
        }
      ]
    },
    {
      "mode": "managed",
      "type": "azurerm_resource_group",
      "name": "rg",
      "provider": "provider[\"registry.terraform.io/hashicorp/azurerm\"]",
      "instances": [
        {
          "schema_version": 0,
          "attributes": {
            "id": "/subscriptions/0e782a6b-0acd-4bca-b91c-a4cc5c4f51fd/resourceGroups/market-ml-rg",
            "location": "eastus",
            "managed_by": "",
            "name": "market-ml-rg",
            "tags": {},
            "timeouts": null
          },
          "sensitive_attributes": [],
          "identity_schema_version": 0,
          "identity": {
            "name": "market-ml-rg",
            "subscription_id": "0e782a6b-0acd-4bca-b91c-a4cc5c4f51fd"
          },
          "private": "eyJlMmJmYjczMC1lY2FhLTExZTYtOGY4OC0zNDM2M2JjN2M0YzAiOnsiY3JlYXRlIjo1NDAwMDAwMDAwMDAwLCJkZWxldGUiOjU0MDAwMDAwMDAwMDAsInJlYWQiOjMwMDAwMDAwMDAwMCwidXBkYXRlIjo1NDAwMDAwMDAwMDAwfX0="
        }
      ]
    }
  ],
  "check_results": null
}
